
Microsoft Visual Studio Solution File, Format Version 12.00
# Visual Studio Version 17
VisualStudioVersion = 17.7.34024.191
MinimumVisualStudioVersion = 10.0.40219.1
Project("{FAE04EC0-301F-11D3-BF4B-00C04F79EFBC}") = "WpfApp1", "WpfApp1\WpfApp1.csproj", "{FD830502-D83B-48EA-AB88-3113B71D8A8D}"
EndProject
Global
	GlobalSection(SolutionConfigurationPlatforms) = preSolution
		Debug|Any CPU = Debug|Any CPU
		Release|Any CPU = Release|Any CPU
	EndGlobalSection
	GlobalSection(ProjectConfigurationPlatforms) = postSolution
		{FD830502-D83B-48EA-AB88-3113B71D8A8D}.Debug|Any CPU.ActiveCfg = Debug|Any CPU
		{FD830502-D83B-48EA-AB88-3113B71D8A8D}.Debug|Any CPU.Build.0 = Debug|Any CPU
		{FD830502-D83B-48EA-AB88-3113B71D8A8D}.Release|Any CPU.ActiveCfg = Release|Any CPU
		{FD830502-D83B-48EA-AB88-3113B71D8A8D}.Release|Any CPU.Build.0 = Release|Any CPU
	EndGlobalSection
	GlobalSection(SolutionProperties) = preSolution
		HideSolutionNode = FALSE
	EndGlobalSection
	GlobalSection(ExtensibilityGlobals) = postSolution
		SolutionGuid = {6D06CB66-9541-476B-B71F-3E27B04209BE}
	EndGlobalSection
EndGlobal
